{
  "name": "rocket_sidekick_common",
  "version": "0.0.81",
  "lockfileVersion": 2,
  "requires": true,
  "packages": {
    "": {
      "name": "rocket_sidekick_common",
      "version": "0.0.81",
      "license": "MIT",
      "dependencies": {
        "@thzero/library_common": "^0.17",
        "convert": "^5.0.0",
        "decimal.js-light": "^2.5.1"
      }
    },
    "node_modules/@thzero/library_common": {
      "version": "0.17.1",
      "resolved": "https://registry.npmjs.org/@thzero/library_common/-/library_common-0.17.1.tgz",
      "integrity": "sha512-BVqH6EbLe4rPI25Vo40Qpl5pztMJlxLXV3pIvJJuhawSGFhU702aU3C8nhZ8rkgA9/M1WtZJAglpI1y2KmnZfw==",
      "dependencies": {
        "dayjs": "^1.11.7",
        "dayjs-plugin-utc": "^0.1.2",
        "lodash-es": "^4.17.21",
        "short-uuid": "^4.2.2",
        "uuid": "^9.0.0"
      }
    },
    "node_modules/any-base": {
      "version": "1.1.0",
      "resolved": "https://registry.npmjs.org/any-base/-/any-base-1.1.0.tgz",
      "integrity": "sha512-uMgjozySS8adZZYePpaWs8cxB9/kdzmpX6SgJZ+wbz1K5eYk5QMYDVJaZKhxyIHUdnnJkfR7SVgStgH7LkGUyg=="
    },
    "node_modules/convert": {
      "version": "5.0.0",
      "resolved": "https://registry.npmjs.org/convert/-/convert-5.0.0.tgz",
      "integrity": "sha512-29kAvWXhWpL2Lhhmseb0Y/sJnE4RA62TAwG9qTJP4dJvnABqFOLNLlwuYCiRYCeOfTD0GPkCJBlKDY50gDjVbg=="
    },
    "node_modules/dayjs": {
      "version": "1.11.7",
      "resolved": "https://registry.npmjs.org/dayjs/-/dayjs-1.11.7.tgz",
      "integrity": "sha512-+Yw9U6YO5TQohxLcIkrXBeY73WP3ejHWVvx8XCk3gxvQDCTEmS48ZrSZCKciI7Bhl/uCMyxYtE9UqRILmFphkQ=="
    },
    "node_modules/dayjs-plugin-utc": {
      "version": "0.1.2",
      "resolved": "https://registry.npmjs.org/dayjs-plugin-utc/-/dayjs-plugin-utc-0.1.2.tgz",
      "integrity": "sha512-ExERH5o3oo6jFOdkvMP3gytTCQ9Ksi5PtylclJWghr7k7m3o2U5QrwtdiJkOxLOH4ghr0EKhpqGefzGz1VvVJg=="
    },
    "node_modules/decimal.js-light": {
      "version": "2.5.1",
      "resolved": "https://registry.npmjs.org/decimal.js-light/-/decimal.js-light-2.5.1.tgz",
      "integrity": "sha512-qIMFpTMZmny+MMIitAB6D7iVPEorVw6YQRWkvarTkT4tBeSLLiHzcwj6q0MmYSFCiVpiqPJTJEYIrpcPzVEIvg=="
    },
    "node_modules/lodash-es": {
      "version": "4.17.21",
      "resolved": "https://registry.npmjs.org/lodash-es/-/lodash-es-4.17.21.tgz",
      "integrity": "sha512-mKnC+QJ9pWVzv+C4/U3rRsHapFfHvQFoFB92e52xeyGMcX6/OlIl78je1u8vePzYZSkkogMPJ2yjxxsb89cxyw=="
    },
    "node_modules/short-uuid": {
      "version": "4.2.2",
      "resolved": "https://registry.npmjs.org/short-uuid/-/short-uuid-4.2.2.tgz",
      "integrity": "sha512-IE7hDSGV2U/VZoCsjctKX6l5t5ak2jE0+aeGJi3KtvjIUNuZVmHVYUjNBhmo369FIWGDtaieRaO8A83Lvwfpqw==",
      "dependencies": {
        "any-base": "^1.1.0",
        "uuid": "^8.3.2"
      },
      "engines": {
        "node": ">=8"
      }
    },
    "node_modules/short-uuid/node_modules/uuid": {
      "version": "8.3.2",
      "resolved": "https://registry.npmjs.org/uuid/-/uuid-8.3.2.tgz",
      "integrity": "sha512-+NYs2QeMWy+GWFOEm9xnn6HCDp0l7QBD7ml8zLUmJ+93Q5NF0NocErnwkTkXVFNiX3/fpC6afS8Dhb/gz7R7eg==",
      "bin": {
        "uuid": "dist/bin/uuid"
      }
    },
    "node_modules/uuid": {
      "version": "9.0.0",
      "resolved": "https://registry.npmjs.org/uuid/-/uuid-9.0.0.tgz",
      "integrity": "sha512-MXcSTerfPa4uqyzStbRoTgt5XIe3x5+42+q1sDuy3R5MDk66URdLMOZe5aPX/SQd+kuYAh0FdP/pO28IkQyTeg==",
      "bin": {
        "uuid": "dist/bin/uuid"
      }
    }
  },
  "dependencies": {
    "@thzero/library_common": {
      "version": "0.17.1",
      "resolved": "https://registry.npmjs.org/@thzero/library_common/-/library_common-0.17.1.tgz",
      "integrity": "sha512-BVqH6EbLe4rPI25Vo40Qpl5pztMJlxLXV3pIvJJuhawSGFhU702aU3C8nhZ8rkgA9/M1WtZJAglpI1y2KmnZfw==",
      "requires": {
        "dayjs": "^1.11.7",
        "dayjs-plugin-utc": "^0.1.2",
        "lodash-es": "^4.17.21",
        "short-uuid": "^4.2.2",
        "uuid": "^9.0.0"
      }
    },
    "any-base": {
      "version": "1.1.0",
      "resolved": "https://registry.npmjs.org/any-base/-/any-base-1.1.0.tgz",
      "integrity": "sha512-uMgjozySS8adZZYePpaWs8cxB9/kdzmpX6SgJZ+wbz1K5eYk5QMYDVJaZKhxyIHUdnnJkfR7SVgStgH7LkGUyg=="
    },
    "convert": {
      "version": "5.0.0",
      "resolved": "https://registry.npmjs.org/convert/-/convert-5.0.0.tgz",
      "integrity": "sha512-29kAvWXhWpL2Lhhmseb0Y/sJnE4RA62TAwG9qTJP4dJvnABqFOLNLlwuYCiRYCeOfTD0GPkCJBlKDY50gDjVbg=="
    },
    "dayjs": {
      "version": "1.11.7",
      "resolved": "https://registry.npmjs.org/dayjs/-/dayjs-1.11.7.tgz",
      "integrity": "sha512-+Yw9U6YO5TQohxLcIkrXBeY73WP3ejHWVvx8XCk3gxvQDCTEmS48ZrSZCKciI7Bhl/uCMyxYtE9UqRILmFphkQ=="
    },
    "dayjs-plugin-utc": {
      "version": "0.1.2",
      "resolved": "https://registry.npmjs.org/dayjs-plugin-utc/-/dayjs-plugin-utc-0.1.2.tgz",
      "integrity": "sha512-ExERH5o3oo6jFOdkvMP3gytTCQ9Ksi5PtylclJWghr7k7m3o2U5QrwtdiJkOxLOH4ghr0EKhpqGefzGz1VvVJg=="
    },
    "decimal.js-light": {
      "version": "2.5.1",
      "resolved": "https://registry.npmjs.org/decimal.js-light/-/decimal.js-light-2.5.1.tgz",
      "integrity": "sha512-qIMFpTMZmny+MMIitAB6D7iVPEorVw6YQRWkvarTkT4tBeSLLiHzcwj6q0MmYSFCiVpiqPJTJEYIrpcPzVEIvg=="
    },
    "lodash-es": {
      "version": "4.17.21",
      "resolved": "https://registry.npmjs.org/lodash-es/-/lodash-es-4.17.21.tgz",
      "integrity": "sha512-mKnC+QJ9pWVzv+C4/U3rRsHapFfHvQFoFB92e52xeyGMcX6/OlIl78je1u8vePzYZSkkogMPJ2yjxxsb89cxyw=="
    },
    "short-uuid": {
      "version": "4.2.2",
      "resolved": "https://registry.npmjs.org/short-uuid/-/short-uuid-4.2.2.tgz",
      "integrity": "sha512-IE7hDSGV2U/VZoCsjctKX6l5t5ak2jE0+aeGJi3KtvjIUNuZVmHVYUjNBhmo369FIWGDtaieRaO8A83Lvwfpqw==",
      "requires": {
        "any-base": "^1.1.0",
        "uuid": "^8.3.2"
      },
      "dependencies": {
        "uuid": {
          "version": "8.3.2",
          "resolved": "https://registry.npmjs.org/uuid/-/uuid-8.3.2.tgz",
          "integrity": "sha512-+NYs2QeMWy+GWFOEm9xnn6HCDp0l7QBD7ml8zLUmJ+93Q5NF0NocErnwkTkXVFNiX3/fpC6afS8Dhb/gz7R7eg=="
        }
      }
    },
    "uuid": {
      "version": "9.0.0",
      "resolved": "https://registry.npmjs.org/uuid/-/uuid-9.0.0.tgz",
      "integrity": "sha512-MXcSTerfPa4uqyzStbRoTgt5XIe3x5+42+q1sDuy3R5MDk66URdLMOZe5aPX/SQd+kuYAh0FdP/pO28IkQyTeg=="
    }
  }
}
