{
  "name": "rocket_sidekick_common",
  "version": "0.0.89",
  "lockfileVersion": 3,
  "requires": true,
  "packages": {
    "": {
      "name": "rocket_sidekick_common",
      "version": "0.0.89",
      "license": "MIT",
      "dependencies": {
        "convert": "^5.3.0",
        "decimal.js-light": "^2.5.1"
      },
      "peerDependencies": {
        "@thzero/library_common": "^0.19"
      }
    },
    "node_modules/@thzero/library_common": {
      "version": "0.19.1",
      "resolved": "https://registry.npmjs.org/@thzero/library_common/-/library_common-0.19.1.tgz",
      "integrity": "sha512-zaXXuBSAtou4i+kwHJ0zGXc5J33XaEgUiySYqx0J5i8a98crGw64pq0lobdM2yf8LwhsTR0SuEFgmDNFcNwjbA==",
      "license": "MIT",
      "peer": true,
      "dependencies": {
        "@thzero/library_id_nanoid": "^0.19",
        "dayjs": "^1.11.23",
        "dayjs-plugin-utc": "^0.1.2",
        "lodash-es": "^4.18.1"
      },
      "engines": {
        "node": ">=22"
      }
    },
    "node_modules/@thzero/library_id_nanoid": {
      "version": "0.19.1",
      "resolved": "https://registry.npmjs.org/@thzero/library_id_nanoid/-/library_id_nanoid-0.19.1.tgz",
      "integrity": "sha512-UjBOJPLWzFkV8IRkFwGMcWgI1PO3zOomKGMnqOQ5O0Cr7SgoE9BrLd1GsdCqTofd54lU4K03pwfu6+hU5Uq7jg==",
      "license": "MIT",
      "peer": true,
      "dependencies": {
        "nanoid": "^6.0.1"
      },
      "engines": {
        "node": ">=22"
      }
    },
    "node_modules/convert": {
      "version": "5.14.1",
      "resolved": "https://registry.npmjs.org/convert/-/convert-5.14.1.tgz",
      "integrity": "sha512-zp1UyVnTL7g/T+sw1Bb1yCIDZIR50eKFnYJXsmRP2SXs3RfzligO3JWc2ZtqzdJX0/7xwfma/J8j69JD5MB2aA==",
      "license": "MIT"
    },
    "node_modules/dayjs": {
      "version": "1.11.23",
      "resolved": "https://registry.npmjs.org/dayjs/-/dayjs-1.11.23.tgz",
      "integrity": "sha512-QDTCU0M0MxR3hQfnlDJfwekQiaanm1ubOD231u73WBckQ/fsamwRLiE2GBz6D3a/xF1NgfiDLJjXBa1hYOYTtQ==",
      "license": "MIT",
      "peer": true
    },
    "node_modules/dayjs-plugin-utc": {
      "version": "0.1.2",
      "resolved": "https://registry.npmjs.org/dayjs-plugin-utc/-/dayjs-plugin-utc-0.1.2.tgz",
      "integrity": "sha512-ExERH5o3oo6jFOdkvMP3gytTCQ9Ksi5PtylclJWghr7k7m3o2U5QrwtdiJkOxLOH4ghr0EKhpqGefzGz1VvVJg==",
      "peer": true
    },
    "node_modules/decimal.js-light": {
      "version": "2.5.1",
      "resolved": "https://registry.npmjs.org/decimal.js-light/-/decimal.js-light-2.5.1.tgz",
      "integrity": "sha512-qIMFpTMZmny+MMIitAB6D7iVPEorVw6YQRWkvarTkT4tBeSLLiHzcwj6q0MmYSFCiVpiqPJTJEYIrpcPzVEIvg=="
    },
    "node_modules/lodash-es": {
      "version": "4.18.1",
      "resolved": "https://registry.npmjs.org/lodash-es/-/lodash-es-4.18.1.tgz",
      "integrity": "sha512-J8xewKD/Gk22OZbhpOVSwcs60zhd95ESDwezOFuA3/099925PdHJ7OFHNTGtajL3AlZkykD32HykiMo+BIBI8A==",
      "license": "MIT",
      "peer": true
    },
    "node_modules/nanoid": {
      "version": "6.0.1",
      "resolved": "https://registry.npmjs.org/nanoid/-/nanoid-6.0.1.tgz",
      "integrity": "sha512-3wVS3i51pE2pi1k5FFL/95BGfVS0kSsvDVuGXHOtxox/TywUmtgq+3qiTOTbs9J7KfHaXPiN171k/A6dBnaXFw==",
      "funding": [
        {
          "type": "github",
          "url": "https://github.com/sponsors/ai"
        }
      ],
      "license": "MIT",
      "peer": true,
      "bin": {
        "nanoid": "bin/nanoid.js"
      },
      "engines": {
        "node": "^22 || ^24 || >=26"
      }
    }
  }
}
